
Microsoft Visual Studio Solution File, Format Version 12.00
# Visual Studio Version 17
VisualStudioVersion = 17.0.31903.59
MinimumVisualStudioVersion = 10.0.40219.1
Project("{FAE04EC0-301F-11D3-BF4B-00C04F79EFBC}") = "ToDoListApp.Api", "src\ToDoListApp.Api\ToDoListApp.Api.csproj", "{7D216813-0D8E-48B8-A8FE-DCF99CB4E3E6}"
EndProject
Project("{FAE04EC0-301F-11D3-BF4B-00C04F79EFBC}") = "ToDoListApp.AppHost", "src\ToDoListApp.AppHost\ToDoListApp.AppHost.csproj", "{F71558FF-EFE3-451D-AFB4-4F9C8008C51B}"
EndProject
Project("{FAE04EC0-301F-11D3-BF4B-00C04F79EFBC}") = "ToDoListApp.Application", "src\ToDoListApp.Application\ToDoListApp.Application.csproj", "{D35771CE-8905-4F76-B141-7E03EE8077A4}"
EndProject
Project("{FAE04EC0-301F-11D3-BF4B-00C04F79EFBC}") = "ToDoListApp.AuthService", "src\ToDoListApp.AuthService\ToDoListApp.AuthService.csproj", "{1AB95455-1A0B-4C54-9384-570D4D3C5C96}"
EndProject
Project("{FAE04EC0-301F-11D3-BF4B-00C04F79EFBC}") = "ToDoListApp.Domain", "src\ToDoListApp.Domain\ToDoListApp.Domain.csproj", "{35EE9475-BF74-4512-A355-E4257883F2B5}"
EndProject
Project("{FAE04EC0-301F-11D3-BF4B-00C04F79EFBC}") = "ToDoListApp.Persistence", "src\ToDoListApp.Persistence\ToDoListApp.Persistence.csproj", "{EFC3D114-E040-4894-804F-281EB40FA368}"
EndProject
Project("{FAE04EC0-301F-11D3-BF4B-00C04F79EFBC}") = "ToDoListApp.IntegrationTests", "tests\ToDoListApp.IntegrationTests\ToDoListApp.IntegrationTests.csproj", "{41A465BC-FD38-421D-BA54-B6655EF580E5}"
EndProject
Project("{FAE04EC0-301F-11D3-BF4B-00C04F79EFBC}") = "ToDoListApp.Tests", "tests\ToDoListApp.Tests\ToDoListApp.Tests.csproj", "{5A884BA8-C3B1-4DCE-B3CC-9D4BF0912197}"
EndProject
Global
	GlobalSection(SolutionConfigurationPlatforms) = preSolution
		Debug|Any CPU = Debug|Any CPU
		Release|Any CPU = Release|Any CPU
	EndGlobalSection
	GlobalSection(SolutionProperties) = preSolution
		HideSolutionNode = FALSE
	EndGlobalSection
	GlobalSection(ProjectConfigurationPlatforms) = postSolution
		{7D216813-0D8E-48B8-A8FE-DCF99CB4E3E6}.Debug|Any CPU.ActiveCfg = Debug|Any CPU
		{7D216813-0D8E-48B8-A8FE-DCF99CB4E3E6}.Debug|Any CPU.Build.0 = Debug|Any CPU
		{7D216813-0D8E-48B8-A8FE-DCF99CB4E3E6}.Release|Any CPU.ActiveCfg = Release|Any CPU
		{7D216813-0D8E-48B8-A8FE-DCF99CB4E3E6}.Release|Any CPU.Build.0 = Release|Any CPU
		{F71558FF-EFE3-451D-AFB4-4F9C8008C51B}.Debug|Any CPU.ActiveCfg = Debug|Any CPU
		{F71558FF-EFE3-451D-AFB4-4F9C8008C51B}.Debug|Any CPU.Build.0 = Debug|Any CPU
		{F71558FF-EFE3-451D-AFB4-4F9C8008C51B}.Release|Any CPU.ActiveCfg = Release|Any CPU
		{F71558FF-EFE3-451D-AFB4-4F9C8008C51B}.Release|Any CPU.Build.0 = Release|Any CPU
		{D35771CE-8905-4F76-B141-7E03EE8077A4}.Debug|Any CPU.ActiveCfg = Debug|Any CPU
		{D35771CE-8905-4F76-B141-7E03EE8077A4}.Debug|Any CPU.Build.0 = Debug|Any CPU
		{D35771CE-8905-4F76-B141-7E03EE8077A4}.Release|Any CPU.ActiveCfg = Release|Any CPU
		{D35771CE-8905-4F76-B141-7E03EE8077A4}.Release|Any CPU.Build.0 = Release|Any CPU
		{1AB95455-1A0B-4C54-9384-570D4D3C5C96}.Debug|Any CPU.ActiveCfg = Debug|Any CPU
		{1AB95455-1A0B-4C54-9384-570D4D3C5C96}.Debug|Any CPU.Build.0 = Debug|Any CPU
		{1AB95455-1A0B-4C54-9384-570D4D3C5C96}.Release|Any CPU.ActiveCfg = Release|Any CPU
		{1AB95455-1A0B-4C54-9384-570D4D3C5C96}.Release|Any CPU.Build.0 = Release|Any CPU
		{35EE9475-BF74-4512-A355-E4257883F2B5}.Debug|Any CPU.ActiveCfg = Debug|Any CPU
		{35EE9475-BF74-4512-A355-E4257883F2B5}.Debug|Any CPU.Build.0 = Debug|Any CPU
		{35EE9475-BF74-4512-A355-E4257883F2B5}.Release|Any CPU.ActiveCfg = Release|Any CPU
		{35EE9475-BF74-4512-A355-E4257883F2B5}.Release|Any CPU.Build.0 = Release|Any CPU
		{EFC3D114-E040-4894-804F-281EB40FA368}.Debug|Any CPU.ActiveCfg = Debug|Any CPU
		{EFC3D114-E040-4894-804F-281EB40FA368}.Debug|Any CPU.Build.0 = Debug|Any CPU
		{EFC3D114-E040-4894-804F-281EB40FA368}.Release|Any CPU.ActiveCfg = Release|Any CPU
		{EFC3D114-E040-4894-804F-281EB40FA368}.Release|Any CPU.Build.0 = Release|Any CPU
		{41A465BC-FD38-421D-BA54-B6655EF580E5}.Debug|Any CPU.ActiveCfg = Debug|Any CPU
		{41A465BC-FD38-421D-BA54-B6655EF580E5}.Debug|Any CPU.Build.0 = Debug|Any CPU
		{41A465BC-FD38-421D-BA54-B6655EF580E5}.Release|Any CPU.ActiveCfg = Release|Any CPU
		{41A465BC-FD38-421D-BA54-B6655EF580E5}.Release|Any CPU.Build.0 = Release|Any CPU
		{5A884BA8-C3B1-4DCE-B3CC-9D4BF0912197}.Debug|Any CPU.ActiveCfg = Debug|Any CPU
		{5A884BA8-C3B1-4DCE-B3CC-9D4BF0912197}.Debug|Any CPU.Build.0 = Debug|Any CPU
		{5A884BA8-C3B1-4DCE-B3CC-9D4BF0912197}.Release|Any CPU.ActiveCfg = Release|Any CPU
		{5A884BA8-C3B1-4DCE-B3CC-9D4BF0912197}.Release|Any CPU.Build.0 = Release|Any CPU
	EndGlobalSection
	GlobalSection(NestedProjects) = preSolution
	EndGlobalSection
EndGlobal
